
Microsoft Visual Studio Solution File, Format Version 12.00
# Visual Studio Version 16
VisualStudioVersion = 16.0.30804.86
MinimumVisualStudioVersion = 10.0.40219.1
Project("{9A19103F-16F7-4668-BE54-9A1E7A4F7556}") = "Supercell.Laser.Titan", "Supercell.Laser.Titan\Supercell.Laser.Titan.csproj", "{72D7380D-5811-4D5C-A627-6480FFC3FC45}"
EndProject
Project("{9A19103F-16F7-4668-BE54-9A1E7A4F7556}") = "Supercell.Laser.Logic", "Supercell.Laser.Logic\Supercell.Laser.Logic.csproj", "{D346A5EC-FA93-4E89-9EAB-0A526D8C664F}"
EndProject
Project("{9A19103F-16F7-4668-BE54-9A1E7A4F7556}") = "Supercell.Laser.Core", "Supercell.Laser.Core\Supercell.Laser.Core.csproj", "{92AE0C04-1657-4FC5-B7D6-C08CB0C595A2}"
EndProject
Project("{9A19103F-16F7-4668-BE54-9A1E7A4F7556}") = "Supercell.Laser.Home", "Supercell.Laser.Home\Supercell.Laser.Home.csproj", "{3B51382F-CC0D-4B48-9E87-4725722417AA}"
EndProject
Global
	GlobalSection(SolutionConfigurationPlatforms) = preSolution
		Debug|Any CPU = Debug|Any CPU
		Release|Any CPU = Release|Any CPU
	EndGlobalSection
	GlobalSection(ProjectConfigurationPlatforms) = postSolution
		{72D7380D-5811-4D5C-A627-6480FFC3FC45}.Debug|Any CPU.ActiveCfg = Debug|Any CPU
		{72D7380D-5811-4D5C-A627-6480FFC3FC45}.Debug|Any CPU.Build.0 = Debug|Any CPU
		{72D7380D-5811-4D5C-A627-6480FFC3FC45}.Release|Any CPU.ActiveCfg = Release|Any CPU
		{72D7380D-5811-4D5C-A627-6480FFC3FC45}.Release|Any CPU.Build.0 = Release|Any CPU
		{D346A5EC-FA93-4E89-9EAB-0A526D8C664F}.Debug|Any CPU.ActiveCfg = Debug|Any CPU
		{D346A5EC-FA93-4E89-9EAB-0A526D8C664F}.Debug|Any CPU.Build.0 = Debug|Any CPU
		{D346A5EC-FA93-4E89-9EAB-0A526D8C664F}.Release|Any CPU.ActiveCfg = Release|Any CPU
		{D346A5EC-FA93-4E89-9EAB-0A526D8C664F}.Release|Any CPU.Build.0 = Release|Any CPU
		{92AE0C04-1657-4FC5-B7D6-C08CB0C595A2}.Debug|Any CPU.ActiveCfg = Debug|Any CPU
		{92AE0C04-1657-4FC5-B7D6-C08CB0C595A2}.Debug|Any CPU.Build.0 = Debug|Any CPU
		{92AE0C04-1657-4FC5-B7D6-C08CB0C595A2}.Release|Any CPU.ActiveCfg = Release|Any CPU
		{92AE0C04-1657-4FC5-B7D6-C08CB0C595A2}.Release|Any CPU.Build.0 = Release|Any CPU
		{3B51382F-CC0D-4B48-9E87-4725722417AA}.Debug|Any CPU.ActiveCfg = Debug|Any CPU
		{3B51382F-CC0D-4B48-9E87-4725722417AA}.Debug|Any CPU.Build.0 = Debug|Any CPU
		{3B51382F-CC0D-4B48-9E87-4725722417AA}.Release|Any CPU.ActiveCfg = Release|Any CPU
		{3B51382F-CC0D-4B48-9E87-4725722417AA}.Release|Any CPU.Build.0 = Release|Any CPU
	EndGlobalSection
	GlobalSection(SolutionProperties) = preSolution
		HideSolutionNode = FALSE
	EndGlobalSection
	GlobalSection(ExtensibilityGlobals) = postSolution
		SolutionGuid = {FCBD53E9-AA4F-4187-A99E-BDF8DB907A92}
	EndGlobalSection
EndGlobal
